
Microsoft Visual Studio Solution File, Format Version 12.00
# Visual Studio Version 17
VisualStudioVersion = 17.4.33122.133
MinimumVisualStudioVersion = 10.0.40219.1
Project("{8BC9CEB8-8B4A-11D0-8D11-00A0C91BC942}") = "Pointeri in C", "Pointeri in C\Pointeri in C.vcxproj", "{6E398D5C-1B43-4A86-B6D1-5A9EE0603FF3}"
EndProject
Global
	GlobalSection(SolutionConfigurationPlatforms) = preSolution
		Debug|x64 = Debug|x64
		Debug|x86 = Debug|x86
		Release|x64 = Release|x64
		Release|x86 = Release|x86
	EndGlobalSection
	GlobalSection(ProjectConfigurationPlatforms) = postSolution
		{6E398D5C-1B43-4A86-B6D1-5A9EE0603FF3}.Debug|x64.ActiveCfg = Debug|x64
		{6E398D5C-1B43-4A86-B6D1-5A9EE0603FF3}.Debug|x64.Build.0 = Debug|x64
		{6E398D5C-1B43-4A86-B6D1-5A9EE0603FF3}.Debug|x86.ActiveCfg = Debug|Win32
		{6E398D5C-1B43-4A86-B6D1-5A9EE0603FF3}.Debug|x86.Build.0 = Debug|Win32
		{6E398D5C-1B43-4A86-B6D1-5A9EE0603FF3}.Release|x64.ActiveCfg = Release|x64
		{6E398D5C-1B43-4A86-B6D1-5A9EE0603FF3}.Release|x64.Build.0 = Release|x64
		{6E398D5C-1B43-4A86-B6D1-5A9EE0603FF3}.Release|x86.ActiveCfg = Release|Win32
		{6E398D5C-1B43-4A86-B6D1-5A9EE0603FF3}.Release|x86.Build.0 = Release|Win32
	EndGlobalSection
	GlobalSection(SolutionProperties) = preSolution
		HideSolutionNode = FALSE
	EndGlobalSection
	GlobalSection(ExtensibilityGlobals) = postSolution
		SolutionGuid = {594B58C4-314F-4667-BAFF-D90EA51A08B3}
	EndGlobalSection
EndGlobal
